
Microsoft Visual Studio Solution File, Format Version 12.00
# Visual Studio Version 16
VisualStudioVersion = 16.0.31313.79
MinimumVisualStudioVersion = 10.0.40219.1
Project("{E24C65DC-7377-472B-9ABA-BC803B73C61A}") = "elogbook", "elogbook\", "{3B475041-A483-4749-B38E-28993FD03348}"
	ProjectSection(WebsiteProperties) = preProject
		TargetFrameworkMoniker = ".NETFramework,Version%3Dv4.7.2"
		Debug.AspNetCompiler.VirtualPath = "/localhost_64116"
		Debug.AspNetCompiler.PhysicalPath = "elogbook\"
		Debug.AspNetCompiler.TargetPath = "PrecompiledWeb\localhost_64116\"
		Debug.AspNetCompiler.Updateable = "true"
		Debug.AspNetCompiler.ForceOverwrite = "true"
		Debug.AspNetCompiler.FixedNames = "false"
		Debug.AspNetCompiler.Debug = "True"
		Release.AspNetCompiler.VirtualPath = "/localhost_64116"
		Release.AspNetCompiler.PhysicalPath = "elogbook\"
		Release.AspNetCompiler.TargetPath = "PrecompiledWeb\localhost_64116\"
		Release.AspNetCompiler.Updateable = "true"
		Release.AspNetCompiler.ForceOverwrite = "true"
		Release.AspNetCompiler.FixedNames = "false"
		Release.AspNetCompiler.Debug = "False"
		VWDPort = "64116"
		SlnRelativePath = "elogbook\"
		DefaultWebSiteLanguage = "Visual C#"
	EndProjectSection
EndProject
Global
	GlobalSection(SolutionConfigurationPlatforms) = preSolution
		Debug|Any CPU = Debug|Any CPU
	EndGlobalSection
	GlobalSection(ProjectConfigurationPlatforms) = postSolution
		{3B475041-A483-4749-B38E-28993FD03348}.Debug|Any CPU.ActiveCfg = Debug|Any CPU
		{3B475041-A483-4749-B38E-28993FD03348}.Debug|Any CPU.Build.0 = Debug|Any CPU
	EndGlobalSection
	GlobalSection(SolutionProperties) = preSolution
		HideSolutionNode = FALSE
	EndGlobalSection
	GlobalSection(ExtensibilityGlobals) = postSolution
		SolutionGuid = {64C92218-2201-40C2-B0E9-7ECCCF93C35A}
	EndGlobalSection
EndGlobal
